# This file was autogenerated by Stack.
# You should not edit this file by hand.
# For more information, please see the documentation at:
#   https://docs.haskellstack.org/en/stable/lock_files

packages:
- completed:
    subdir: code/indigo
    cabal-file:
      size: 3934
      sha256: bf9ae75277ff8dbe71ff983c1b46fc8fbd814fa8b0af9b2dc56bc245666313a8
    name: indigo
    version: 0.1.0.0
    git: https://gitlab.com/morley-framework/morley.git
    pantry-tree:
      size: 1202
      sha256: cc996e31f6857f56430f7e0b15b53a31941b881bf601d6893ae2c2ad8e2a9d07
    commit: 173e8f87e5769695ddf616c7190f361129e0a334
  original:
    subdir: code/indigo
    git: https://gitlab.com/morley-framework/morley.git
    commit: 173e8f87e5769695ddf616c7190f361129e0a334
- completed:
    subdir: code/lorentz
    cabal-file:
      size: 6553
      sha256: dec7be45cf3a6889baf9f96f26df3b18c4b6bfd91101f703a656d31e1c0fc8cc
    name: lorentz
    version: 0.1.0
    git: https://gitlab.com/morley-framework/morley.git
    pantry-tree:
      size: 6068
      sha256: 14280d7769b016f2ad31c7009a19f7e721c221e59f8746326fd27e7519c141f8
    commit: 173e8f87e5769695ddf616c7190f361129e0a334
  original:
    subdir: code/lorentz
    git: https://gitlab.com/morley-framework/morley.git
    commit: 173e8f87e5769695ddf616c7190f361129e0a334
- completed:
    subdir: code/morley
    cabal-file:
      size: 10163
      sha256: 0235ca67a175504d7956e2dfb35892115e7645a40b7c4bf75b0e5c5a60ff327d
    name: morley
    version: 1.0.0
    git: https://gitlab.com/morley-framework/morley.git
    pantry-tree:
      size: 10834
      sha256: 1a3855a07a3463bc0e25fbcd0547a5fe1152f9684bafaf2e1f433b050142830f
    commit: 173e8f87e5769695ddf616c7190f361129e0a334
  original:
    subdir: code/morley
    git: https://gitlab.com/morley-framework/morley.git
    commit: 173e8f87e5769695ddf616c7190f361129e0a334
- completed:
    subdir: code/morley-ledgers
    cabal-file:
      size: 3997
      sha256: 087fac94621d4ff9f776ca6ba2da8fde03207d7748480f7637082b5a86a70b02
    name: morley-ledgers
    version: 0.2.0.1
    git: https://gitlab.com/morley-framework/morley.git
    pantry-tree:
      size: 915
      sha256: d3cf062c860959d2670669e7c4f393113588ba58e17bfba882bc03013a96d166
    commit: 173e8f87e5769695ddf616c7190f361129e0a334
  original:
    subdir: code/morley-ledgers
    git: https://gitlab.com/morley-framework/morley.git
    commit: 173e8f87e5769695ddf616c7190f361129e0a334
- completed:
    subdir: code/morley-ledgers-test
    cabal-file:
      size: 5115
      sha256: 78bfdb724bd225f758bda9ea86b95d2387b53cd9220d616242287e4febeea6cb
    name: morley-ledgers-test
    version: 0.2.0.1
    git: https://gitlab.com/morley-framework/morley.git
    pantry-tree:
      size: 758
      sha256: 8002973c3fbc488b0fc08972e11dab54d216ef34f6e72621803f5393bc105dd1
    commit: 173e8f87e5769695ddf616c7190f361129e0a334
  original:
    subdir: code/morley-ledgers-test
    git: https://gitlab.com/morley-framework/morley.git
    commit: 173e8f87e5769695ddf616c7190f361129e0a334
- completed:
    subdir: code/morley-upgradeable
    cabal-file:
      size: 6232
      sha256: b5e27aee001ade20148a2b68505a94f3814dcc177e09cd9e77c22147850265eb
    name: morley-upgradeable
    version: 0.2.0.1
    git: https://gitlab.com/morley-framework/morley.git
    pantry-tree:
      size: 2546
      sha256: e56fea2620dd7217ddc437e5bc41d9ac8918383945f7bc1b39f9bfa53e6ede9a
    commit: 173e8f87e5769695ddf616c7190f361129e0a334
  original:
    subdir: code/morley-upgradeable
    git: https://gitlab.com/morley-framework/morley.git
    commit: 173e8f87e5769695ddf616c7190f361129e0a334
- completed:
    subdir: code/morley-multisig
    cabal-file:
      size: 5058
      sha256: dd63b2bdc5bcb590fd90a40d6e7fe40fdd31ab801573bdac322afcf786dcee29
    name: morley-multisig
    version: 0.1.0
    git: https://gitlab.com/morley-framework/morley.git
    pantry-tree:
      size: 955
      sha256: ad066b1828be4efa39f8d7c4552a2e97b765d1ed73d9b48505fb9f235602921a
    commit: 173e8f87e5769695ddf616c7190f361129e0a334
  original:
    subdir: code/morley-multisig
    git: https://gitlab.com/morley-framework/morley.git
    commit: 173e8f87e5769695ddf616c7190f361129e0a334
- completed:
    subdir: code/morley-client
    cabal-file:
      size: 5325
      sha256: 9cec7bf53dae9ae99fa1648e287f7dc0faa0c43284a6ccc185fa970798bc4994
    name: morley-client
    version: 0.1.0
    git: https://gitlab.com/morley-framework/morley.git
    pantry-tree:
      size: 1199
      sha256: 8bf467895ee3fc316145c24eab4e788165bda9e464e1e47482cb6c1e5a3861bf
    commit: 173e8f87e5769695ddf616c7190f361129e0a334
  original:
    subdir: code/morley-client
    git: https://gitlab.com/morley-framework/morley.git
    commit: 173e8f87e5769695ddf616c7190f361129e0a334
- completed:
    subdir: code/morley-nettest
    cabal-file:
      size: 2315
      sha256: 79733b4944868d5988454a47ba700e00c4ad066a8ed0c8edc99be540be0629d6
    name: morley-nettest
    version: 0.1.0
    git: https://gitlab.com/morley-framework/morley.git
    pantry-tree:
      size: 662
      sha256: 27f5fe9934009110270bd4806ac6c68542a6cd5ba3b704084c5d828d6f3ca210
    commit: 173e8f87e5769695ddf616c7190f361129e0a334
  original:
    subdir: code/morley-nettest
    git: https://gitlab.com/morley-framework/morley.git
    commit: 173e8f87e5769695ddf616c7190f361129e0a334
- completed:
    subdir: tezos-bake-monitor-lib
    cabal-file:
      size: 3342
      sha256: 5afb36dd23a270ae14613efd12469fd867f5c462470431b62a4e9763b0c77b36
    name: tezos-bake-monitor-lib
    version: 0.1.0.0
    git: https://gitlab.com/obsidian.systems/tezos-bake-monitor-lib.git
    pantry-tree:
      size: 6785
      sha256: 611c7b1ced2cbd2473333d80f62446ec692c12a1ce0aa540de9b644442e53af4
    commit: 19a9ce57a0510bc3ad8a3f639d0a968a65024b86
  original:
    subdir: tezos-bake-monitor-lib
    git: https://gitlab.com/obsidian.systems/tezos-bake-monitor-lib.git
    commit: 19a9ce57a0510bc3ad8a3f639d0a968a65024b86
- completed:
    hackage: morley-prelude-0.3.0@sha256:9e9473ac14cfa206adf0a3700764c0251de05042f1fe45daf9cb8556079ae663,2085
    pantry-tree:
      size: 270
      sha256: 402cd467a690373ca891fa31650376312be351244c6d7e187ca9961d3708de0a
  original:
    hackage: morley-prelude-0.3.0
- completed:
    hackage: tasty-hunit-compat-0.2@sha256:71e077ae5c514fadd4586efc19315f10fa5f3c94770820f68f63768441d665f7,1199
    pantry-tree:
      size: 229
      sha256: ef4e8284433af224f89a1dfd2968ea79de3570cef6e81b10187aca5d1fae6f76
  original:
    hackage: tasty-hunit-compat-0.2
- completed:
    hackage: o-clock-1.1.0@sha256:941ac2bc1732e6622b165831c4badb1a8e846f451620bd028064339f5b284224,5043
    pantry-tree:
      size: 1043
      sha256: 177f9923edf9494c6a1bb1c02bbf38e6bd3675e2245effaeaa9a7f76c893d7a6
  original:
    hackage: o-clock-1.1.0@sha256:941ac2bc1732e6622b165831c4badb1a8e846f451620bd028064339f5b284224
- completed:
    hackage: show-type-0.1.1@sha256:24f681a3481b3f9630e619d816054804ba1bd6cc05b5978ddd2cece8499ff2fa,1154
    pantry-tree:
      size: 214
      sha256: c07e39492e0b8da34f87b3f7516f7739d60543013e7f22bc7db0dbe99eb57540
  original:
    hackage: show-type-0.1.1@sha256:24f681a3481b3f9630e619d816054804ba1bd6cc05b5978ddd2cece8499ff2fa
- completed:
    hackage: aeson-options-0.1.0@sha256:2d0c25afbb2d038bd5b57de8d042e319ea1a5ec7d7b92810d8a0cf0777882b6a,1244
    pantry-tree:
      size: 277
      sha256: 4a3ddbdaa61d788155aac6e7601d429a8820441f7b5e31d417b2dbdbf9748be2
  original:
    hackage: aeson-options-0.1.0
- completed:
    hackage: base58-bytestring-0.1.0@sha256:a1da72ee89d5450bac1c792d9fcbe95ed7154ab7246f2172b57bd4fd9b5eab79,1913
    pantry-tree:
      size: 419
      sha256: 053784f8edef6433518c873a7c502dc75348f812e2384e1306f90467ea54f40b
  original:
    hackage: base58-bytestring-0.1.0
- completed:
    hackage: hex-text-0.1.0.0@sha256:52dc2cf5ce45f7d86ea5e56e2ac57820f788c10bbb3fe83f6d57e678a426305b,1072
    pantry-tree:
      size: 314
      sha256: 84ce6d618602d39e89e28b1a9cc41f0def4786d7046ac0a742557b5ab5381466
  original:
    hackage: hex-text-0.1.0.0
- completed:
    hackage: constraints-0.11@sha256:44f80a313d5d4fcfb3c18eb6625dd3db4bb845d5ca8d3b1f62125a4b7241e590,2186
    pantry-tree:
      size: 867
      sha256: 1d56051f040b16ba2e55dced7f6ed0bdac7d2a28dbd844bf283425ddb5f5b6cc
  original:
    hackage: constraints-0.11@sha256:44f80a313d5d4fcfb3c18eb6625dd3db4bb845d5ca8d3b1f62125a4b7241e590
- completed:
    hackage: pretty-terminal-0.1.0.0@sha256:e9135d86ebb2a8e3aaf5a79088de4628dbd49988388e0fbfc26c5ecb3c399ad9,1638
    pantry-tree:
      size: 385
      sha256: fecec01e618890c284e57cb873b8f9531f479562b7cf08497aef097da3ef90ec
  original:
    hackage: pretty-terminal-0.1.0.0@sha256:e9135d86ebb2a8e3aaf5a79088de4628dbd49988388e0fbfc26c5ecb3c399ad9
- completed:
    cabal-file:
      size: 1096
      sha256: 23f4be93bd29f79b7d1e623dcdbbbf6e385361296a5226f86bbee6f244ce4194
    name: caps
    version: '0'
    git: https://github.com/int-index/caps.git
    pantry-tree:
      size: 374
      sha256: 88b8b2ba4213985a67303961ba239b61739d4bc00dcebafa0ce80163d1aaed2c
    commit: ab4345eabd58fc6f05d3b46bea2c5acdba3ec6f8
  original:
    git: https://github.com/int-index/caps.git
    commit: ab4345eabd58fc6f05d3b46bea2c5acdba3ec6f8
- completed:
    hackage: functor-infix-0.0.5@sha256:cea21a321031f556d7a21b51e049493e7cb78baf64dd63f0d1a36de01c4c735b,661
    pantry-tree:
      size: 367
      sha256: 04de43014229a582ba4aeff75a3e065cdba4d550a05af36a459fa38b685640b7
  original:
    hackage: functor-infix-0.0.5@sha256:cea21a321031f556d7a21b51e049493e7cb78baf64dd63f0d1a36de01c4c735b
- completed:
    hackage: hashing-0.1.0.1@sha256:98861f16791946cdf28e3c7a6ee9ac8b72d546d6e33c569c7087ef18253294e7,2816
    pantry-tree:
      size: 704
      sha256: a204259113ac5761ded1dac7e37a9d54245f84c8adaeec452346fe3256337d83
  original:
    hackage: hashing-0.1.0.1@sha256:98861f16791946cdf28e3c7a6ee9ac8b72d546d6e33c569c7087ef18253294e7
- completed:
    hackage: dependent-sum-0.6.2.0@sha256:bff37c85b38e768b942f9d81c2465b63a96076f1ba006e35612aa357770807b6,1856
    pantry-tree:
      size: 474
      sha256: ad3fbed5104f9ee9c8082c9dcc8ade847674e3053572533e8d26ad1a866f1107
  original:
    hackage: dependent-sum-0.6.2.0
- completed:
    hackage: dependent-sum-template-0.1.0.0@sha256:477de784b63b970d69d8de84753967c2dfd84224a958549c43c770802d18f0df,1605
    pantry-tree:
      size: 436
      sha256: c259c246cdbdbda782848610396c547a53abd7e8261fb9099a8cd2cc1d32b3e3
  original:
    hackage: dependent-sum-template-0.1.0.0
- completed:
    hackage: constraints-extras-0.3.0.2@sha256:bf6884be65958e9188ae3c9e5547abfd6d201df021bff8a4704c2c4fe1e1ae5b,1784
    pantry-tree:
      size: 594
      sha256: b0bcc96d375ee11b1972a2e9e8e42039b3f420b0e1c46e9c70652470445a6505
  original:
    hackage: constraints-extras-0.3.0.2@sha256:bf6884be65958e9188ae3c9e5547abfd6d201df021bff8a4704c2c4fe1e1ae5b
snapshots:
- completed:
    size: 525662
    url: https://raw.githubusercontent.com/commercialhaskell/stackage-snapshots/master/lts/14/15.yaml
    sha256: c5e673e5723931b64ef2eb5004f6d9ea3c95b58d48388dbc4de6f66b97c81f7a
  original: lts-14.15
